
Microsoft Visual Studio Solution File, Format Version 12.00
# Visual Studio 2012
Project("{E24C65DC-7377-472B-9ABA-BC803B73C61A}") = "BenjiiMe", ".", "{D9576D3F-BEF2-4665-A754-7D203454B76D}"
	ProjectSection(WebsiteProperties) = preProject
		Debug.AspNetCompiler.Debug = "True"
		Debug.AspNetCompiler.FixedNames = "false"
		Debug.AspNetCompiler.ForceOverwrite = "true"
		Debug.AspNetCompiler.PhysicalPath = "..\BenjiiMe\"
		Debug.AspNetCompiler.TargetPath = "PrecompiledWeb\BenjiiMe\"
		Debug.AspNetCompiler.Updateable = "true"
		Debug.AspNetCompiler.VirtualPath = "/BenjiiMe"
		Release.AspNetCompiler.Debug = "False"
		Release.AspNetCompiler.FixedNames = "false"
		Release.AspNetCompiler.ForceOverwrite = "true"
		Release.AspNetCompiler.PhysicalPath = "..\BenjiiMe\"
		Release.AspNetCompiler.TargetPath = "PrecompiledWeb\BenjiiMe\"
		Release.AspNetCompiler.Updateable = "true"
		Release.AspNetCompiler.VirtualPath = "/BenjiiMe"
		TargetFrameworkMoniker = ".NETFramework,Version%3Dv4.0"
		VWDPort = "15235"
	EndProjectSection
EndProject
Global
	GlobalSection(SolutionConfigurationPlatforms) = preSolution
		Debug|Any CPU = Debug|Any CPU
	EndGlobalSection
	GlobalSection(ProjectConfigurationPlatforms) = postSolution
		{D9576D3F-BEF2-4665-A754-7D203454B76D}.Debug|Any CPU.ActiveCfg = Debug|Any CPU
		{D9576D3F-BEF2-4665-A754-7D203454B76D}.Debug|Any CPU.Build.0 = Debug|Any CPU
	EndGlobalSection
	GlobalSection(SolutionProperties) = preSolution
		HideSolutionNode = FALSE
	EndGlobalSection
EndGlobal
